
Microsoft Visual Studio Solution File, Format Version 12.00
# Visual Studio Version 17
VisualStudioVersion = 17.5.002.0
MinimumVisualStudioVersion = 10.0.40219.1
Project("{9A19103F-16F7-4668-BE54-9A1E7A4F7556}") = "PROJECTS", "PROJECTS.csproj", "{450C6AB5-2F0B-43D5-BA85-533002F035A0}"
EndProject
Project("{FAE04EC0-301F-11D3-BF4B-00C04F79EFBC}") = "AddUserAPI", "..\AddUserAPI\AddUserAPI.csproj", "{2F615B6D-CECA-444A-B1E4-853551C25045}"
EndProject
Global
	GlobalSection(SolutionConfigurationPlatforms) = preSolution
		Debug|Any CPU = Debug|Any CPU
		Release|Any CPU = Release|Any CPU
	EndGlobalSection
	GlobalSection(ProjectConfigurationPlatforms) = postSolution
		{450C6AB5-2F0B-43D5-BA85-533002F035A0}.Debug|Any CPU.ActiveCfg = Debug|Any CPU
		{450C6AB5-2F0B-43D5-BA85-533002F035A0}.Debug|Any CPU.Build.0 = Debug|Any CPU
		{450C6AB5-2F0B-43D5-BA85-533002F035A0}.Release|Any CPU.ActiveCfg = Release|Any CPU
		{450C6AB5-2F0B-43D5-BA85-533002F035A0}.Release|Any CPU.Build.0 = Release|Any CPU
		{2F615B6D-CECA-444A-B1E4-853551C25045}.Debug|Any CPU.ActiveCfg = Debug|Any CPU
		{2F615B6D-CECA-444A-B1E4-853551C25045}.Debug|Any CPU.Build.0 = Debug|Any CPU
		{2F615B6D-CECA-444A-B1E4-853551C25045}.Release|Any CPU.ActiveCfg = Release|Any CPU
		{2F615B6D-CECA-444A-B1E4-853551C25045}.Release|Any CPU.Build.0 = Release|Any CPU
	EndGlobalSection
	GlobalSection(SolutionProperties) = preSolution
		HideSolutionNode = FALSE
	EndGlobalSection
	GlobalSection(ExtensibilityGlobals) = postSolution
		SolutionGuid = {9BDCCF41-513E-4C16-9686-8D9F00B8CF7C}
	EndGlobalSection
EndGlobal
